
Microsoft Visual Studio Solution File, Format Version 12.00
# Visual Studio Version 16
VisualStudioVersion = 16.0.31025.194
MinimumVisualStudioVersion = 10.0.40219.1
Project("{FAE04EC0-301F-11D3-BF4B-00C04F79EFBC}") = "Èrrôr_MART", "Èrrôr_MART\Èrrôr_MART.csproj", "{C6987381-E1C3-4531-AA0E-C1F5BC20B47B}"
EndProject
Global
	GlobalSection(SolutionConfigurationPlatforms) = preSolution
		Debug|Any CPU = Debug|Any CPU
		Release|Any CPU = Release|Any CPU
	EndGlobalSection
	GlobalSection(ProjectConfigurationPlatforms) = postSolution
		{C6987381-E1C3-4531-AA0E-C1F5BC20B47B}.Debug|Any CPU.ActiveCfg = Debug|Any CPU
		{C6987381-E1C3-4531-AA0E-C1F5BC20B47B}.Debug|Any CPU.Build.0 = Debug|Any CPU
		{C6987381-E1C3-4531-AA0E-C1F5BC20B47B}.Release|Any CPU.ActiveCfg = Release|Any CPU
		{C6987381-E1C3-4531-AA0E-C1F5BC20B47B}.Release|Any CPU.Build.0 = Release|Any CPU
	EndGlobalSection
	GlobalSection(SolutionProperties) = preSolution
		HideSolutionNode = FALSE
	EndGlobalSection
	GlobalSection(ExtensibilityGlobals) = postSolution
		SolutionGuid = {658644A7-FA3C-4E36-944C-0DC289A2A719}
	EndGlobalSection
EndGlobal
